
Microsoft Visual Studio Solution File, Format Version 12.00
# Visual Studio Version 17
Project("{8BC9CEB8-8B4A-11D0-8D11-00A0C91BC942}") = "ALL_BUILD", "ALL_BUILD.vcxproj", "{AF0B0FB1-31A3-3E0C-800F-9BADB6F0624F}"
	ProjectSection(ProjectDependencies) = postProject
		{20904F7D-ED30-3E61-B6A9-6046F266E9D6} = {20904F7D-ED30-3E61-B6A9-6046F266E9D6}
		{501BEC0F-7B56-3FFF-BBA7-28DFF5344E89} = {501BEC0F-7B56-3FFF-BBA7-28DFF5344E89}
		{02F0F3EC-D9E2-3896-BEA9-21930B793C74} = {02F0F3EC-D9E2-3896-BEA9-21930B793C74}
		{507BEFA6-7415-37E6-BAD9-2FA0D20E0098} = {507BEFA6-7415-37E6-BAD9-2FA0D20E0098}
		{81B2023F-5EC8-398F-9BE5-63C01C1A7C1B} = {81B2023F-5EC8-398F-9BE5-63C01C1A7C1B}
		{60248EC6-BC7D-3932-992D-6BD2ACC9B66F} = {60248EC6-BC7D-3932-992D-6BD2ACC9B66F}
	EndProjectSection
EndProject
Project("{8BC9CEB8-8B4A-11D0-8D11-00A0C91BC942}") = "AMD_static", "..\AMD\AMD_static.vcxproj", "{090D65C0-F066-3302-A2B5-A794FDAE5DF4}"
	ProjectSection(ProjectDependencies) = postProject
		{B841C81D-D19A-3CAE-9316-F8BF77B50F60} = {B841C81D-D19A-3CAE-9316-F8BF77B50F60}
		{501BEC0F-7B56-3FFF-BBA7-28DFF5344E89} = {501BEC0F-7B56-3FFF-BBA7-28DFF5344E89}
	EndProjectSection
EndProject
Project("{8BC9CEB8-8B4A-11D0-8D11-00A0C91BC942}") = "CAMD_static", "..\CAMD\CAMD_static.vcxproj", "{C14B7C1A-E319-3460-B7EF-7F0C2E5A2F98}"
	ProjectSection(ProjectDependencies) = postProject
		{B841C81D-D19A-3CAE-9316-F8BF77B50F60} = {B841C81D-D19A-3CAE-9316-F8BF77B50F60}
		{501BEC0F-7B56-3FFF-BBA7-28DFF5344E89} = {501BEC0F-7B56-3FFF-BBA7-28DFF5344E89}
	EndProjectSection
EndProject
Project("{8BC9CEB8-8B4A-11D0-8D11-00A0C91BC942}") = "CCOLAMD_static", "..\CCOLAMD\CCOLAMD_static.vcxproj", "{7EE078F3-B410-3C7A-8D1A-8AC1914592F7}"
	ProjectSection(ProjectDependencies) = postProject
		{B841C81D-D19A-3CAE-9316-F8BF77B50F60} = {B841C81D-D19A-3CAE-9316-F8BF77B50F60}
		{501BEC0F-7B56-3FFF-BBA7-28DFF5344E89} = {501BEC0F-7B56-3FFF-BBA7-28DFF5344E89}
	EndProjectSection
EndProject
Project("{8BC9CEB8-8B4A-11D0-8D11-00A0C91BC942}") = "CHOLMOD_static", "CHOLMOD_static.vcxproj", "{20904F7D-ED30-3E61-B6A9-6046F266E9D6}"
	ProjectSection(ProjectDependencies) = postProject
		{090D65C0-F066-3302-A2B5-A794FDAE5DF4} = {090D65C0-F066-3302-A2B5-A794FDAE5DF4}
		{C14B7C1A-E319-3460-B7EF-7F0C2E5A2F98} = {C14B7C1A-E319-3460-B7EF-7F0C2E5A2F98}
		{7EE078F3-B410-3C7A-8D1A-8AC1914592F7} = {7EE078F3-B410-3C7A-8D1A-8AC1914592F7}
		{713C2962-3936-3833-902B-6B9BE0D24351} = {713C2962-3936-3833-902B-6B9BE0D24351}
		{B841C81D-D19A-3CAE-9316-F8BF77B50F60} = {B841C81D-D19A-3CAE-9316-F8BF77B50F60}
		{501BEC0F-7B56-3FFF-BBA7-28DFF5344E89} = {501BEC0F-7B56-3FFF-BBA7-28DFF5344E89}
	EndProjectSection
EndProject
Project("{8BC9CEB8-8B4A-11D0-8D11-00A0C91BC942}") = "COLAMD_static", "..\COLAMD\COLAMD_static.vcxproj", "{713C2962-3936-3833-902B-6B9BE0D24351}"
	ProjectSection(ProjectDependencies) = postProject
		{B841C81D-D19A-3CAE-9316-F8BF77B50F60} = {B841C81D-D19A-3CAE-9316-F8BF77B50F60}
		{501BEC0F-7B56-3FFF-BBA7-28DFF5344E89} = {501BEC0F-7B56-3FFF-BBA7-28DFF5344E89}
	EndProjectSection
EndProject
Project("{8BC9CEB8-8B4A-11D0-8D11-00A0C91BC942}") = "INSTALL", "INSTALL.vcxproj", "{DB3F3C80-2202-3A3E-AEEB-7082E9CC0A85}"
	ProjectSection(ProjectDependencies) = postProject
		{AF0B0FB1-31A3-3E0C-800F-9BADB6F0624F} = {AF0B0FB1-31A3-3E0C-800F-9BADB6F0624F}
		{501BEC0F-7B56-3FFF-BBA7-28DFF5344E89} = {501BEC0F-7B56-3FFF-BBA7-28DFF5344E89}
	EndProjectSection
EndProject
Project("{8BC9CEB8-8B4A-11D0-8D11-00A0C91BC942}") = "RUN_TESTS", "RUN_TESTS.vcxproj", "{A8DAC831-16EE-3381-9613-1590C67EDEA7}"
	ProjectSection(ProjectDependencies) = postProject
		{501BEC0F-7B56-3FFF-BBA7-28DFF5344E89} = {501BEC0F-7B56-3FFF-BBA7-28DFF5344E89}
	EndProjectSection
EndProject
Project("{8BC9CEB8-8B4A-11D0-8D11-00A0C91BC942}") = "SuiteSparseConfig_static", "..\SuiteSparse_config\SuiteSparseConfig_static.vcxproj", "{B841C81D-D19A-3CAE-9316-F8BF77B50F60}"
	ProjectSection(ProjectDependencies) = postProject
		{501BEC0F-7B56-3FFF-BBA7-28DFF5344E89} = {501BEC0F-7B56-3FFF-BBA7-28DFF5344E89}
	EndProjectSection
EndProject
Project("{8BC9CEB8-8B4A-11D0-8D11-00A0C91BC942}") = "ZERO_CHECK", "..\ZERO_CHECK.vcxproj", "{501BEC0F-7B56-3FFF-BBA7-28DFF5344E89}"
	ProjectSection(ProjectDependencies) = postProject
	EndProjectSection
EndProject
Project("{8BC9CEB8-8B4A-11D0-8D11-00A0C91BC942}") = "cholmod_di_demo", "cholmod_di_demo.vcxproj", "{02F0F3EC-D9E2-3896-BEA9-21930B793C74}"
	ProjectSection(ProjectDependencies) = postProject
		{090D65C0-F066-3302-A2B5-A794FDAE5DF4} = {090D65C0-F066-3302-A2B5-A794FDAE5DF4}
		{C14B7C1A-E319-3460-B7EF-7F0C2E5A2F98} = {C14B7C1A-E319-3460-B7EF-7F0C2E5A2F98}
		{7EE078F3-B410-3C7A-8D1A-8AC1914592F7} = {7EE078F3-B410-3C7A-8D1A-8AC1914592F7}
		{20904F7D-ED30-3E61-B6A9-6046F266E9D6} = {20904F7D-ED30-3E61-B6A9-6046F266E9D6}
		{713C2962-3936-3833-902B-6B9BE0D24351} = {713C2962-3936-3833-902B-6B9BE0D24351}
		{B841C81D-D19A-3CAE-9316-F8BF77B50F60} = {B841C81D-D19A-3CAE-9316-F8BF77B50F60}
		{501BEC0F-7B56-3FFF-BBA7-28DFF5344E89} = {501BEC0F-7B56-3FFF-BBA7-28DFF5344E89}
	EndProjectSection
EndProject
Project("{8BC9CEB8-8B4A-11D0-8D11-00A0C91BC942}") = "cholmod_dl_demo", "cholmod_dl_demo.vcxproj", "{507BEFA6-7415-37E6-BAD9-2FA0D20E0098}"
	ProjectSection(ProjectDependencies) = postProject
		{090D65C0-F066-3302-A2B5-A794FDAE5DF4} = {090D65C0-F066-3302-A2B5-A794FDAE5DF4}
		{C14B7C1A-E319-3460-B7EF-7F0C2E5A2F98} = {C14B7C1A-E319-3460-B7EF-7F0C2E5A2F98}
		{7EE078F3-B410-3C7A-8D1A-8AC1914592F7} = {7EE078F3-B410-3C7A-8D1A-8AC1914592F7}
		{20904F7D-ED30-3E61-B6A9-6046F266E9D6} = {20904F7D-ED30-3E61-B6A9-6046F266E9D6}
		{713C2962-3936-3833-902B-6B9BE0D24351} = {713C2962-3936-3833-902B-6B9BE0D24351}
		{B841C81D-D19A-3CAE-9316-F8BF77B50F60} = {B841C81D-D19A-3CAE-9316-F8BF77B50F60}
		{501BEC0F-7B56-3FFF-BBA7-28DFF5344E89} = {501BEC0F-7B56-3FFF-BBA7-28DFF5344E89}
	EndProjectSection
EndProject
Project("{8BC9CEB8-8B4A-11D0-8D11-00A0C91BC942}") = "cholmod_si_demo", "cholmod_si_demo.vcxproj", "{81B2023F-5EC8-398F-9BE5-63C01C1A7C1B}"
	ProjectSection(ProjectDependencies) = postProject
		{090D65C0-F066-3302-A2B5-A794FDAE5DF4} = {090D65C0-F066-3302-A2B5-A794FDAE5DF4}
		{C14B7C1A-E319-3460-B7EF-7F0C2E5A2F98} = {C14B7C1A-E319-3460-B7EF-7F0C2E5A2F98}
		{7EE078F3-B410-3C7A-8D1A-8AC1914592F7} = {7EE078F3-B410-3C7A-8D1A-8AC1914592F7}
		{20904F7D-ED30-3E61-B6A9-6046F266E9D6} = {20904F7D-ED30-3E61-B6A9-6046F266E9D6}
		{713C2962-3936-3833-902B-6B9BE0D24351} = {713C2962-3936-3833-902B-6B9BE0D24351}
		{B841C81D-D19A-3CAE-9316-F8BF77B50F60} = {B841C81D-D19A-3CAE-9316-F8BF77B50F60}
		{501BEC0F-7B56-3FFF-BBA7-28DFF5344E89} = {501BEC0F-7B56-3FFF-BBA7-28DFF5344E89}
	EndProjectSection
EndProject
Project("{8BC9CEB8-8B4A-11D0-8D11-00A0C91BC942}") = "cholmod_sl_demo", "cholmod_sl_demo.vcxproj", "{60248EC6-BC7D-3932-992D-6BD2ACC9B66F}"
	ProjectSection(ProjectDependencies) = postProject
		{090D65C0-F066-3302-A2B5-A794FDAE5DF4} = {090D65C0-F066-3302-A2B5-A794FDAE5DF4}
		{C14B7C1A-E319-3460-B7EF-7F0C2E5A2F98} = {C14B7C1A-E319-3460-B7EF-7F0C2E5A2F98}
		{7EE078F3-B410-3C7A-8D1A-8AC1914592F7} = {7EE078F3-B410-3C7A-8D1A-8AC1914592F7}
		{20904F7D-ED30-3E61-B6A9-6046F266E9D6} = {20904F7D-ED30-3E61-B6A9-6046F266E9D6}
		{713C2962-3936-3833-902B-6B9BE0D24351} = {713C2962-3936-3833-902B-6B9BE0D24351}
		{B841C81D-D19A-3CAE-9316-F8BF77B50F60} = {B841C81D-D19A-3CAE-9316-F8BF77B50F60}
		{501BEC0F-7B56-3FFF-BBA7-28DFF5344E89} = {501BEC0F-7B56-3FFF-BBA7-28DFF5344E89}
	EndProjectSection
EndProject
Global
	GlobalSection(SolutionConfigurationPlatforms) = preSolution
		Debug|x64 = Debug|x64
		Release|x64 = Release|x64
		MinSizeRel|x64 = MinSizeRel|x64
		RelWithDebInfo|x64 = RelWithDebInfo|x64
	EndGlobalSection
	GlobalSection(ProjectConfigurationPlatforms) = postSolution
		{AF0B0FB1-31A3-3E0C-800F-9BADB6F0624F}.Debug|x64.ActiveCfg = Debug|x64
		{AF0B0FB1-31A3-3E0C-800F-9BADB6F0624F}.Debug|x64.Build.0 = Debug|x64
		{AF0B0FB1-31A3-3E0C-800F-9BADB6F0624F}.Release|x64.ActiveCfg = Release|x64
		{AF0B0FB1-31A3-3E0C-800F-9BADB6F0624F}.Release|x64.Build.0 = Release|x64
		{AF0B0FB1-31A3-3E0C-800F-9BADB6F0624F}.MinSizeRel|x64.ActiveCfg = MinSizeRel|x64
		{AF0B0FB1-31A3-3E0C-800F-9BADB6F0624F}.MinSizeRel|x64.Build.0 = MinSizeRel|x64
		{AF0B0FB1-31A3-3E0C-800F-9BADB6F0624F}.RelWithDebInfo|x64.ActiveCfg = RelWithDebInfo|x64
		{AF0B0FB1-31A3-3E0C-800F-9BADB6F0624F}.RelWithDebInfo|x64.Build.0 = RelWithDebInfo|x64
		{090D65C0-F066-3302-A2B5-A794FDAE5DF4}.Debug|x64.ActiveCfg = Debug|x64
		{090D65C0-F066-3302-A2B5-A794FDAE5DF4}.Debug|x64.Build.0 = Debug|x64
		{090D65C0-F066-3302-A2B5-A794FDAE5DF4}.Release|x64.ActiveCfg = Release|x64
		{090D65C0-F066-3302-A2B5-A794FDAE5DF4}.Release|x64.Build.0 = Release|x64
		{090D65C0-F066-3302-A2B5-A794FDAE5DF4}.MinSizeRel|x64.ActiveCfg = MinSizeRel|x64
		{090D65C0-F066-3302-A2B5-A794FDAE5DF4}.MinSizeRel|x64.Build.0 = MinSizeRel|x64
		{090D65C0-F066-3302-A2B5-A794FDAE5DF4}.RelWithDebInfo|x64.ActiveCfg = RelWithDebInfo|x64
		{090D65C0-F066-3302-A2B5-A794FDAE5DF4}.RelWithDebInfo|x64.Build.0 = RelWithDebInfo|x64
		{C14B7C1A-E319-3460-B7EF-7F0C2E5A2F98}.Debug|x64.ActiveCfg = Debug|x64
		{C14B7C1A-E319-3460-B7EF-7F0C2E5A2F98}.Debug|x64.Build.0 = Debug|x64
		{C14B7C1A-E319-3460-B7EF-7F0C2E5A2F98}.Release|x64.ActiveCfg = Release|x64
		{C14B7C1A-E319-3460-B7EF-7F0C2E5A2F98}.Release|x64.Build.0 = Release|x64
		{C14B7C1A-E319-3460-B7EF-7F0C2E5A2F98}.MinSizeRel|x64.ActiveCfg = MinSizeRel|x64
		{C14B7C1A-E319-3460-B7EF-7F0C2E5A2F98}.MinSizeRel|x64.Build.0 = MinSizeRel|x64
		{C14B7C1A-E319-3460-B7EF-7F0C2E5A2F98}.RelWithDebInfo|x64.ActiveCfg = RelWithDebInfo|x64
		{C14B7C1A-E319-3460-B7EF-7F0C2E5A2F98}.RelWithDebInfo|x64.Build.0 = RelWithDebInfo|x64
		{7EE078F3-B410-3C7A-8D1A-8AC1914592F7}.Debug|x64.ActiveCfg = Debug|x64
		{7EE078F3-B410-3C7A-8D1A-8AC1914592F7}.Debug|x64.Build.0 = Debug|x64
		{7EE078F3-B410-3C7A-8D1A-8AC1914592F7}.Release|x64.ActiveCfg = Release|x64
		{7EE078F3-B410-3C7A-8D1A-8AC1914592F7}.Release|x64.Build.0 = Release|x64
		{7EE078F3-B410-3C7A-8D1A-8AC1914592F7}.MinSizeRel|x64.ActiveCfg = MinSizeRel|x64
		{7EE078F3-B410-3C7A-8D1A-8AC1914592F7}.MinSizeRel|x64.Build.0 = MinSizeRel|x64
		{7EE078F3-B410-3C7A-8D1A-8AC1914592F7}.RelWithDebInfo|x64.ActiveCfg = RelWithDebInfo|x64
		{7EE078F3-B410-3C7A-8D1A-8AC1914592F7}.RelWithDebInfo|x64.Build.0 = RelWithDebInfo|x64
		{20904F7D-ED30-3E61-B6A9-6046F266E9D6}.Debug|x64.ActiveCfg = Debug|x64
		{20904F7D-ED30-3E61-B6A9-6046F266E9D6}.Debug|x64.Build.0 = Debug|x64
		{20904F7D-ED30-3E61-B6A9-6046F266E9D6}.Release|x64.ActiveCfg = Release|x64
		{20904F7D-ED30-3E61-B6A9-6046F266E9D6}.Release|x64.Build.0 = Release|x64
		{20904F7D-ED30-3E61-B6A9-6046F266E9D6}.MinSizeRel|x64.ActiveCfg = MinSizeRel|x64
		{20904F7D-ED30-3E61-B6A9-6046F266E9D6}.MinSizeRel|x64.Build.0 = MinSizeRel|x64
		{20904F7D-ED30-3E61-B6A9-6046F266E9D6}.RelWithDebInfo|x64.ActiveCfg = RelWithDebInfo|x64
		{20904F7D-ED30-3E61-B6A9-6046F266E9D6}.RelWithDebInfo|x64.Build.0 = RelWithDebInfo|x64
		{713C2962-3936-3833-902B-6B9BE0D24351}.Debug|x64.ActiveCfg = Debug|x64
		{713C2962-3936-3833-902B-6B9BE0D24351}.Debug|x64.Build.0 = Debug|x64
		{713C2962-3936-3833-902B-6B9BE0D24351}.Release|x64.ActiveCfg = Release|x64
		{713C2962-3936-3833-902B-6B9BE0D24351}.Release|x64.Build.0 = Release|x64
		{713C2962-3936-3833-902B-6B9BE0D24351}.MinSizeRel|x64.ActiveCfg = MinSizeRel|x64
		{713C2962-3936-3833-902B-6B9BE0D24351}.MinSizeRel|x64.Build.0 = MinSizeRel|x64
		{713C2962-3936-3833-902B-6B9BE0D24351}.RelWithDebInfo|x64.ActiveCfg = RelWithDebInfo|x64
		{713C2962-3936-3833-902B-6B9BE0D24351}.RelWithDebInfo|x64.Build.0 = RelWithDebInfo|x64
		{DB3F3C80-2202-3A3E-AEEB-7082E9CC0A85}.Debug|x64.ActiveCfg = Debug|x64
		{DB3F3C80-2202-3A3E-AEEB-7082E9CC0A85}.Release|x64.ActiveCfg = Release|x64
		{DB3F3C80-2202-3A3E-AEEB-7082E9CC0A85}.MinSizeRel|x64.ActiveCfg = MinSizeRel|x64
		{DB3F3C80-2202-3A3E-AEEB-7082E9CC0A85}.RelWithDebInfo|x64.ActiveCfg = RelWithDebInfo|x64
		{A8DAC831-16EE-3381-9613-1590C67EDEA7}.Debug|x64.ActiveCfg = Debug|x64
		{A8DAC831-16EE-3381-9613-1590C67EDEA7}.Release|x64.ActiveCfg = Release|x64
		{A8DAC831-16EE-3381-9613-1590C67EDEA7}.MinSizeRel|x64.ActiveCfg = MinSizeRel|x64
		{A8DAC831-16EE-3381-9613-1590C67EDEA7}.RelWithDebInfo|x64.ActiveCfg = RelWithDebInfo|x64
		{B841C81D-D19A-3CAE-9316-F8BF77B50F60}.Debug|x64.ActiveCfg = Debug|x64
		{B841C81D-D19A-3CAE-9316-F8BF77B50F60}.Debug|x64.Build.0 = Debug|x64
		{B841C81D-D19A-3CAE-9316-F8BF77B50F60}.Release|x64.ActiveCfg = Release|x64
		{B841C81D-D19A-3CAE-9316-F8BF77B50F60}.Release|x64.Build.0 = Release|x64
		{B841C81D-D19A-3CAE-9316-F8BF77B50F60}.MinSizeRel|x64.ActiveCfg = MinSizeRel|x64
		{B841C81D-D19A-3CAE-9316-F8BF77B50F60}.MinSizeRel|x64.Build.0 = MinSizeRel|x64
		{B841C81D-D19A-3CAE-9316-F8BF77B50F60}.RelWithDebInfo|x64.ActiveCfg = RelWithDebInfo|x64
		{B841C81D-D19A-3CAE-9316-F8BF77B50F60}.RelWithDebInfo|x64.Build.0 = RelWithDebInfo|x64
		{501BEC0F-7B56-3FFF-BBA7-28DFF5344E89}.Debug|x64.ActiveCfg = Debug|x64
		{501BEC0F-7B56-3FFF-BBA7-28DFF5344E89}.Debug|x64.Build.0 = Debug|x64
		{501BEC0F-7B56-3FFF-BBA7-28DFF5344E89}.Release|x64.ActiveCfg = Release|x64
		{501BEC0F-7B56-3FFF-BBA7-28DFF5344E89}.Release|x64.Build.0 = Release|x64
		{501BEC0F-7B56-3FFF-BBA7-28DFF5344E89}.MinSizeRel|x64.ActiveCfg = MinSizeRel|x64
		{501BEC0F-7B56-3FFF-BBA7-28DFF5344E89}.MinSizeRel|x64.Build.0 = MinSizeRel|x64
		{501BEC0F-7B56-3FFF-BBA7-28DFF5344E89}.RelWithDebInfo|x64.ActiveCfg = RelWithDebInfo|x64
		{501BEC0F-7B56-3FFF-BBA7-28DFF5344E89}.RelWithDebInfo|x64.Build.0 = RelWithDebInfo|x64
		{02F0F3EC-D9E2-3896-BEA9-21930B793C74}.Debug|x64.ActiveCfg = Debug|x64
		{02F0F3EC-D9E2-3896-BEA9-21930B793C74}.Debug|x64.Build.0 = Debug|x64
		{02F0F3EC-D9E2-3896-BEA9-21930B793C74}.Release|x64.ActiveCfg = Release|x64
		{02F0F3EC-D9E2-3896-BEA9-21930B793C74}.Release|x64.Build.0 = Release|x64
		{02F0F3EC-D9E2-3896-BEA9-21930B793C74}.MinSizeRel|x64.ActiveCfg = MinSizeRel|x64
		{02F0F3EC-D9E2-3896-BEA9-21930B793C74}.MinSizeRel|x64.Build.0 = MinSizeRel|x64
		{02F0F3EC-D9E2-3896-BEA9-21930B793C74}.RelWithDebInfo|x64.ActiveCfg = RelWithDebInfo|x64
		{02F0F3EC-D9E2-3896-BEA9-21930B793C74}.RelWithDebInfo|x64.Build.0 = RelWithDebInfo|x64
		{507BEFA6-7415-37E6-BAD9-2FA0D20E0098}.Debug|x64.ActiveCfg = Debug|x64
		{507BEFA6-7415-37E6-BAD9-2FA0D20E0098}.Debug|x64.Build.0 = Debug|x64
		{507BEFA6-7415-37E6-BAD9-2FA0D20E0098}.Release|x64.ActiveCfg = Release|x64
		{507BEFA6-7415-37E6-BAD9-2FA0D20E0098}.Release|x64.Build.0 = Release|x64
		{507BEFA6-7415-37E6-BAD9-2FA0D20E0098}.MinSizeRel|x64.ActiveCfg = MinSizeRel|x64
		{507BEFA6-7415-37E6-BAD9-2FA0D20E0098}.MinSizeRel|x64.Build.0 = MinSizeRel|x64
		{507BEFA6-7415-37E6-BAD9-2FA0D20E0098}.RelWithDebInfo|x64.ActiveCfg = RelWithDebInfo|x64
		{507BEFA6-7415-37E6-BAD9-2FA0D20E0098}.RelWithDebInfo|x64.Build.0 = RelWithDebInfo|x64
		{81B2023F-5EC8-398F-9BE5-63C01C1A7C1B}.Debug|x64.ActiveCfg = Debug|x64
		{81B2023F-5EC8-398F-9BE5-63C01C1A7C1B}.Debug|x64.Build.0 = Debug|x64
		{81B2023F-5EC8-398F-9BE5-63C01C1A7C1B}.Release|x64.ActiveCfg = Release|x64
		{81B2023F-5EC8-398F-9BE5-63C01C1A7C1B}.Release|x64.Build.0 = Release|x64
		{81B2023F-5EC8-398F-9BE5-63C01C1A7C1B}.MinSizeRel|x64.ActiveCfg = MinSizeRel|x64
		{81B2023F-5EC8-398F-9BE5-63C01C1A7C1B}.MinSizeRel|x64.Build.0 = MinSizeRel|x64
		{81B2023F-5EC8-398F-9BE5-63C01C1A7C1B}.RelWithDebInfo|x64.ActiveCfg = RelWithDebInfo|x64
		{81B2023F-5EC8-398F-9BE5-63C01C1A7C1B}.RelWithDebInfo|x64.Build.0 = RelWithDebInfo|x64
		{60248EC6-BC7D-3932-992D-6BD2ACC9B66F}.Debug|x64.ActiveCfg = Debug|x64
		{60248EC6-BC7D-3932-992D-6BD2ACC9B66F}.Debug|x64.Build.0 = Debug|x64
		{60248EC6-BC7D-3932-992D-6BD2ACC9B66F}.Release|x64.ActiveCfg = Release|x64
		{60248EC6-BC7D-3932-992D-6BD2ACC9B66F}.Release|x64.Build.0 = Release|x64
		{60248EC6-BC7D-3932-992D-6BD2ACC9B66F}.MinSizeRel|x64.ActiveCfg = MinSizeRel|x64
		{60248EC6-BC7D-3932-992D-6BD2ACC9B66F}.MinSizeRel|x64.Build.0 = MinSizeRel|x64
		{60248EC6-BC7D-3932-992D-6BD2ACC9B66F}.RelWithDebInfo|x64.ActiveCfg = RelWithDebInfo|x64
		{60248EC6-BC7D-3932-992D-6BD2ACC9B66F}.RelWithDebInfo|x64.Build.0 = RelWithDebInfo|x64
	EndGlobalSection
	GlobalSection(ExtensibilityGlobals) = postSolution
		SolutionGuid = {60EF8F1C-0A2B-3460-89BB-8DB949761FD8}
	EndGlobalSection
	GlobalSection(ExtensibilityAddIns) = postSolution
	EndGlobalSection
EndGlobal
