<?xml version="1.0" encoding="utf-8"?>
<Project ToolsVersion="17.0" xmlns="http://schemas.microsoft.com/developer/msbuild/2003">
  <ItemGroup>
    <CustomBuild Include="C:\Users\kummer\Documents\BoSSS-native\SuiteSparse_7.12.2_config_win_static_omp\CMakeFiles\c127809afcd0ad1fdf5dcd64ef6dab16\RUN_TESTS_force.rule">
      <Filter>CMake Rules</Filter>
    </CustomBuild>
  </ItemGroup>
  <ItemGroup>
    <Filter Include="CMake Rules">
      <UniqueIdentifier>{D2A0E0FB-8311-35B3-8F28-1B4CAE31A279}</UniqueIdentifier>
    </Filter>
  </ItemGroup>
</Project>
