<?xml version="1.0" encoding="utf-8"?>
<Project ToolsVersion="17.0" xmlns="http://schemas.microsoft.com/developer/msbuild/2003">
  <ItemGroup>
    <ClCompile Include="C:\Users\kummer\Documents\BoSSS-native\SuiteSparse_7.12.2\CCOLAMD\Source\ccolamd.c">
      <Filter>Source Files</Filter>
    </ClCompile>
    <ClCompile Include="C:\Users\kummer\Documents\BoSSS-native\SuiteSparse_7.12.2\CCOLAMD\Source\ccolamd_l.c">
      <Filter>Source Files</Filter>
    </ClCompile>
    <ClCompile Include="C:\Users\kummer\Documents\BoSSS-native\SuiteSparse_7.12.2\CCOLAMD\Source\ccolamd_version.c">
      <Filter>Source Files</Filter>
    </ClCompile>
  </ItemGroup>
  <ItemGroup>
    <CustomBuild Include="C:\Users\kummer\Documents\BoSSS-native\SuiteSparse_7.12.2\CCOLAMD\CMakeLists.txt" />
  </ItemGroup>
  <ItemGroup>
    <Filter Include="Source Files">
      <UniqueIdentifier>{D9CB59A6-7CCB-30B5-AFAB-2EE6A08622C5}</UniqueIdentifier>
    </Filter>
  </ItemGroup>
</Project>
